# This file is generated by running "yarn install" inside your project.
# Manual changes might be lost - proceed with caution!

__metadata:
  version: 8
  cacheKey: 10c0

"@ton/core@npm:^0.57.0":
  version: 0.57.0
  resolution: "@ton/core@npm:0.57.0"
  dependencies:
    symbol.inspect: "npm:1.0.1"
  peerDependencies:
    "@ton/crypto": ">=3.2.0"
  checksum: 10c0/2c62d2b74a7027dc8ef12bfcc0ebdcfd0bbb711576c93b54b44ec09100f1d7fcc32a913c8d70bc304f4283403e3f61e7481de56eb59e1da5e3c2a9d8fa2aa721
  languageName: node
  linkType: hard

"@ton/crypto-primitives@npm:2.1.0":
  version: 2.1.0
  resolution: "@ton/crypto-primitives@npm:2.1.0"
  dependencies:
    jssha: "npm:3.2.0"
  checksum: 10c0/9869a393297930ae8dfd784b0c2c4f3c9eff6341b82c75b103990281855392fbf01780251e32d8afd86a82f3eaa388bfe35b9634a0b64d7f05d65c658855870b
  languageName: node
  linkType: hard

"@ton/crypto@npm:^3.3.0":
  version: 3.3.0
  resolution: "@ton/crypto@npm:3.3.0"
  dependencies:
    "@ton/crypto-primitives": "npm:2.1.0"
    jssha: "npm:3.2.0"
    tweetnacl: "npm:1.0.3"
  checksum: 10c0/2fc008d4ada55f483ef7aba63a0690e09a307be340876ed95e7202253d8373daa1d07253dc031889067c578c95f0d08073903fdbc9cce643106d5ccd68095000
  languageName: node
  linkType: hard

"@ton/ton@npm:^15.0.0":
  version: 15.0.0
  resolution: "@ton/ton@npm:15.0.0"
  dependencies:
    axios: "npm:^1.6.7"
    dataloader: "npm:^2.0.0"
    symbol.inspect: "npm:1.0.1"
    teslabot: "npm:^1.3.0"
    zod: "npm:^3.21.4"
  peerDependencies:
    "@ton/core": ">=0.56.0"
    "@ton/crypto": ">=3.2.0"
  checksum: 10c0/0793bac08e627f0ce8583c8e8f8ec4c54a0709d3ed529152e161c133a5cd43fee46e2f5c73b4be23c9e6783c4a1f2aa75ca55e494627e0fd73b97dcf87925caa
  languageName: node
  linkType: hard

"@torch-finance/v1-sdk@portal:/Users/waterson/Documents/TorchLabs/monorepo/@sdks/v1-sdk::locator=ssddkk%40workspace%3A.":
  version: 0.0.0-use.local
  resolution: "@torch-finance/v1-sdk@portal:/Users/waterson/Documents/TorchLabs/monorepo/@sdks/v1-sdk::locator=ssddkk%40workspace%3A."
  dependencies:
    "@ton/core": "npm:^0.57.0"
    "@ton/crypto": "npm:^3.3.0"
    "@ton/ton": "npm:^15.0.0"
    axios: "npm:^1.7.5"
    buffer: "npm:^6.0.3"
  languageName: node
  linkType: soft

"@types/node@npm:^22.5.1":
  version: 22.5.1
  resolution: "@types/node@npm:22.5.1"
  dependencies:
    undici-types: "npm:~6.19.2"
  checksum: 10c0/35373176d8a1d4e16004a1ed303e68d39e4c6341024dc056f2577982df98c1a045a6b677f12ed557796f09bbf7d621f428f6874cc37ed28f7b336fa604b5f6a6
  languageName: node
  linkType: hard

"asynckit@npm:^0.4.0":
  version: 0.4.0
  resolution: "asynckit@npm:0.4.0"
  checksum: 10c0/d73e2ddf20c4eb9337e1b3df1a0f6159481050a5de457c55b14ea2e5cb6d90bb69e004c9af54737a5ee0917fcf2c9e25de67777bbe58261847846066ba75bc9d
  languageName: node
  linkType: hard

"axios@npm:^1.6.7, axios@npm:^1.7.5":
  version: 1.7.5
  resolution: "axios@npm:1.7.5"
  dependencies:
    follow-redirects: "npm:^1.15.6"
    form-data: "npm:^4.0.0"
    proxy-from-env: "npm:^1.1.0"
  checksum: 10c0/1d5daeb28b3d1bb2a7b9f0743433c4bfbeaddc15461e50ebde487eec6c009af2515749d5261096dd430c90cd891bd310bcba5ec3967bae2033c4a307f58a6ad3
  languageName: node
  linkType: hard

"base64-js@npm:^1.3.1":
  version: 1.5.1
  resolution: "base64-js@npm:1.5.1"
  checksum: 10c0/f23823513b63173a001030fae4f2dabe283b99a9d324ade3ad3d148e218134676f1ee8568c877cd79ec1c53158dcf2d2ba527a97c606618928ba99dd930102bf
  languageName: node
  linkType: hard

"buffer@npm:^6.0.3":
  version: 6.0.3
  resolution: "buffer@npm:6.0.3"
  dependencies:
    base64-js: "npm:^1.3.1"
    ieee754: "npm:^1.2.1"
  checksum: 10c0/2a905fbbcde73cc5d8bd18d1caa23715d5f83a5935867c2329f0ac06104204ba7947be098fe1317fbd8830e26090ff8e764f08cd14fefc977bb248c3487bcbd0
  languageName: node
  linkType: hard

"combined-stream@npm:^1.0.8":
  version: 1.0.8
  resolution: "combined-stream@npm:1.0.8"
  dependencies:
    delayed-stream: "npm:~1.0.0"
  checksum: 10c0/0dbb829577e1b1e839fa82b40c07ffaf7de8a09b935cadd355a73652ae70a88b4320db322f6634a4ad93424292fa80973ac6480986247f1734a1137debf271d5
  languageName: node
  linkType: hard

"dataloader@npm:^2.0.0":
  version: 2.2.2
  resolution: "dataloader@npm:2.2.2"
  checksum: 10c0/125ec69f821478cf7c6b4360095db6cab939fe57876a0d2060c428091a8deee7152345189923b71a6afa694aaec463779f34b585317164016fd6f54f52cd94ba
  languageName: node
  linkType: hard

"delayed-stream@npm:~1.0.0":
  version: 1.0.0
  resolution: "delayed-stream@npm:1.0.0"
  checksum: 10c0/d758899da03392e6712f042bec80aa293bbe9e9ff1b2634baae6a360113e708b91326594c8a486d475c69d6259afb7efacdc3537bfcda1c6c648e390ce601b19
  languageName: node
  linkType: hard

"follow-redirects@npm:^1.15.6":
  version: 1.15.6
  resolution: "follow-redirects@npm:1.15.6"
  peerDependenciesMeta:
    debug:
      optional: true
  checksum: 10c0/9ff767f0d7be6aa6870c82ac79cf0368cd73e01bbc00e9eb1c2a16fbb198ec105e3c9b6628bb98e9f3ac66fe29a957b9645bcb9a490bb7aa0d35f908b6b85071
  languageName: node
  linkType: hard

"form-data@npm:^4.0.0":
  version: 4.0.0
  resolution: "form-data@npm:4.0.0"
  dependencies:
    asynckit: "npm:^0.4.0"
    combined-stream: "npm:^1.0.8"
    mime-types: "npm:^2.1.12"
  checksum: 10c0/cb6f3ac49180be03ff07ba3ff125f9eba2ff0b277fb33c7fc47569fc5e616882c5b1c69b9904c4c4187e97dd0419dd03b134174756f296dec62041e6527e2c6e
  languageName: node
  linkType: hard

"ieee754@npm:^1.2.1":
  version: 1.2.1
  resolution: "ieee754@npm:1.2.1"
  checksum: 10c0/b0782ef5e0935b9f12883a2e2aa37baa75da6e66ce6515c168697b42160807d9330de9a32ec1ed73149aea02e0d822e572bca6f1e22bdcbd2149e13b050b17bb
  languageName: node
  linkType: hard

"jssha@npm:3.2.0":
  version: 3.2.0
  resolution: "jssha@npm:3.2.0"
  checksum: 10c0/eba7fb986a6ed12238d57b959c522fae90ff25a9e427d70aeffaf698d4ffadc7a994af7cb28e121139b1a54e38e0bd9b08f2da4ea7979c72653ccba2fb558924
  languageName: node
  linkType: hard

"mime-db@npm:1.52.0":
  version: 1.52.0
  resolution: "mime-db@npm:1.52.0"
  checksum: 10c0/0557a01deebf45ac5f5777fe7740b2a5c309c6d62d40ceab4e23da9f821899ce7a900b7ac8157d4548ddbb7beffe9abc621250e6d182b0397ec7f10c7b91a5aa
  languageName: node
  linkType: hard

"mime-types@npm:^2.1.12":
  version: 2.1.35
  resolution: "mime-types@npm:2.1.35"
  dependencies:
    mime-db: "npm:1.52.0"
  checksum: 10c0/82fb07ec56d8ff1fc999a84f2f217aa46cb6ed1033fefaabd5785b9a974ed225c90dc72fff460259e66b95b73648596dbcc50d51ed69cdf464af2d237d3149b2
  languageName: node
  linkType: hard

"proxy-from-env@npm:^1.1.0":
  version: 1.1.0
  resolution: "proxy-from-env@npm:1.1.0"
  checksum: 10c0/fe7dd8b1bdbbbea18d1459107729c3e4a2243ca870d26d34c2c1bcd3e4425b7bcc5112362df2d93cc7fb9746f6142b5e272fd1cc5c86ddf8580175186f6ad42b
  languageName: node
  linkType: hard

"ssddkk@workspace:.":
  version: 0.0.0-use.local
  resolution: "ssddkk@workspace:."
  dependencies:
    "@torch-finance/v1-sdk": "npm:*"
    "@types/node": "npm:^22.5.1"
    typescript: "npm:^5.5.4"
  languageName: unknown
  linkType: soft

"symbol.inspect@npm:1.0.1":
  version: 1.0.1
  resolution: "symbol.inspect@npm:1.0.1"
  checksum: 10c0/7ed8636838ede2740293b09175964aef7d65d4ed14b4ffa197785f9b66bd8f964a05979be3d87c021c1a90a25c01262b0528211c97b14ffe64b2acdb941ad214
  languageName: node
  linkType: hard

"teslabot@npm:^1.3.0":
  version: 1.5.0
  resolution: "teslabot@npm:1.5.0"
  checksum: 10c0/8972005bfc14b9b4110f2b832679cd007012d9c08c2b634fe3ae9265d2816bd65cd0111c0336affdcb58b7279786202a9e7b12b4d8ae4dc3679c7fd795f285dd
  languageName: node
  linkType: hard

"tweetnacl@npm:1.0.3":
  version: 1.0.3
  resolution: "tweetnacl@npm:1.0.3"
  checksum: 10c0/069d9df51e8ad4a89fbe6f9806c68e06c65be3c7d42f0701cc43dba5f0d6064686b238bbff206c5addef8854e3ce00c643bff59432ea2f2c639feab0ee1a93f9
  languageName: node
  linkType: hard

"typescript@npm:^5.5.4":
  version: 5.5.4
  resolution: "typescript@npm:5.5.4"
  bin:
    tsc: bin/tsc
    tsserver: bin/tsserver
  checksum: 10c0/422be60f89e661eab29ac488c974b6cc0a660fb2228003b297c3d10c32c90f3bcffc1009b43876a082515a3c376b1eefcce823d6e78982e6878408b9a923199c
  languageName: node
  linkType: hard

"typescript@patch:typescript@npm%3A^5.5.4#optional!builtin<compat/typescript>":
  version: 5.5.4
  resolution: "typescript@patch:typescript@npm%3A5.5.4#optional!builtin<compat/typescript>::version=5.5.4&hash=379a07"
  bin:
    tsc: bin/tsc
    tsserver: bin/tsserver
  checksum: 10c0/73409d7b9196a5a1217b3aaad929bf76294d3ce7d6e9766dd880ece296ee91cf7d7db6b16c6c6c630ee5096eccde726c0ef17c7dfa52b01a243e57ae1f09ef07
  languageName: node
  linkType: hard

"undici-types@npm:~6.19.2":
  version: 6.19.8
  resolution: "undici-types@npm:6.19.8"
  checksum: 10c0/078afa5990fba110f6824823ace86073b4638f1d5112ee26e790155f481f2a868cc3e0615505b6f4282bdf74a3d8caad715fd809e870c2bb0704e3ea6082f344
  languageName: node
  linkType: hard

"zod@npm:^3.21.4":
  version: 3.23.8
  resolution: "zod@npm:3.23.8"
  checksum: 10c0/8f14c87d6b1b53c944c25ce7a28616896319d95bc46a9660fe441adc0ed0a81253b02b5abdaeffedbeb23bdd25a0bf1c29d2c12dd919aef6447652dd295e3e69
  languageName: node
  linkType: hard
